{
  "nodes": {
    "nixpkgs": {
      "locked": {
        "lastModified": 1751366034,
        "narHash": "sha256-EjLqzTANsT+CbWv85OOvz6B6C/B/Oj2tS3WBQNHmNKE=",
        "rev": "50ab793786d9de88ee30ec4e4c24fb4236fc2674",
        "type": "tarball",
        "url": "https://releases.nixos.org/nixos/24.11/nixos-24.11.719113.50ab793786d9/nixexprs.tar.xz"
      },
      "original": {
        "type": "tarball",
        "url": "https://channels.nixos.org/nixos-24.11/nixexprs.tar.xz"
      }
    },
    "root": {
      "inputs": {
        "nixpkgs": "nixpkgs"
      }
    }
  },
  "root": "root",
  "version": 7
}
