# This file is automatically @generated by Cargo.
# It is not intended for manual editing.
version = 4

[[package]]
name = "bitflags"
version = "2.13.2"
source = "registry+https://github.com/rust-lang/crates.io-index"
checksum = "3ded4057c258ba199e2d26386d3af3780957ecaee6c4ef4041c6b4b8b97c0b06"

[[package]]
name = "cfg-if"
version = "1.0.5"
source = "registry+https://github.com/rust-lang/crates.io-index"
checksum = "4e7648175b45a9a48536d676f68d918270699102aa8dab5496df06904c914600"

[[package]]
name = "io-uring"
version = "0.7.15"
source = "registry+https://github.com/rust-lang/crates.io-index"
checksum = "ed3bd0ecfbb87805f538bb7b32e5239ca0763890c623e349860ecba69469f2bb"
dependencies = [
 "bitflags",
 "cfg-if",
 "libc",
]

[[package]]
name = "libc"
version = "0.2.190"
source = "registry+https://github.com/rust-lang/crates.io-index"
checksum = "ce5d3ddc6d3fa000eb1536d85e147bfe31aacaba692ed6a876f95cb7c855be78"

[[package]]
name = "weida-zmtp"
version = "0.1.0-alpha.2"
source = "registry+https://github.com/rust-lang/crates.io-index"
checksum = "8b810c27e5b228dc6e77507dc3cba077c26b3dd1277d82e4061a3799ebe6dfc6"

[[package]]
name = "zmtp-uring-bridge"
version = "0.1.0"
dependencies = [
 "io-uring",
 "libc",
 "weida-zmtp",
]
